dependencies:
  espressif/ch390:
    component_hash: cdc5a7499a4175dc493a714d9c5ecb534d258d3df8ec1ca9a56f9c0201be2149
    dependencies:
    - name: idf
      require: private
      version: '>=5.1'
    source:
      registry_url: https://components.espressif.com
      type: service
    version: 0.2.2
  espressif/enc28j60:
    component_hash: a20c685004ea37f9b2fe4ba6d5d0ba948f9ec3a46a4dab0d471b151575a90e27
    dependencies:
    - name: idf
      require: private
      version: '>=4.4'
    source:
      registry_url: https://components.espressif.com
      type: service
    version: 1.0.1
  espressif/ethernet_init:
    component_hash: dc9c9610dc794539e982b774eaffa4a98c2d8c5f99e877b111096fccca667c91
    dependencies:
    - name: espressif/ch390
      registry_url: https://components.espressif.com
      require: private
      version: '*'
    - name: espressif/enc28j60
      registry_url: https://components.espressif.com
      require: private
      version: '*'
    - name: espressif/lan865x
      registry_url: https://components.espressif.com
      require: private
      version: ^0.1.1
    - name: espressif/lan867x
      registry_url: https://components.espressif.com
      require: private
      rules:
      - if: target in [esp32, esp32p4]
      version: '>=2.0.0'
    - name: idf
      require: private
      version: '>=5.4'
    source:
      registry_url: https://components.espressif.com/
      type: service
    version: 0.6.1
  espressif/lan865x:
    component_hash: 4997b2f49d1fca8330191718958f39b2df41812230e36f52a22d9cfb146a2535
    dependencies:
    - name: espressif/lan86xx_common
      registry_url: https://components.espressif.com
      require: private
      version: '*'
    - name: idf
      require: private
      version: '>=5.2'
    source:
      registry_url: https://components.espressif.com
      type: service
    version: 0.1.1
  espressif/lan86xx_common:
    component_hash: 6dcb1be9f43ae940979bd628fa5bee278949b66c545e1fe2321e486102e81026
    dependencies:
    - name: idf
      require: private
      version: '>=5.2'
    source:
      registry_url: https://components.espressif.com
      type: service
    version: 1.0.0
  idf:
    source:
      type: idf
    version: 5.5.0
direct_dependencies:
- espressif/ethernet_init
- idf
manifest_hash: 74ecc674b75a947058c2e7cd6aa2819b289668268a05978e0f1743774b7517b6
target: esp32s3
version: 2.0.0
